// !$*UTF8*$!
{
	archiveVersion = 1;
	classes = {
	};
	objectVersion = 48;
	objects = {

/* Begin PBXBuildFile section */
		185649D31F9DEAB40013FF0D /* AppDelegate.m in Sources */ = {isa = PBXBuildFile; fileRef = 185649D21F9DEAB40013FF0D /* AppDelegate.m */; };
		185649DB1F9DEAB40013FF0D /* Assets.xcassets in Resources */ = {isa = PBXBuildFile; fileRef = 185649DA1F9DEAB40013FF0D /* Assets.xcassets */; };
		185649DE1F9DEAB40013FF0D /* LaunchScreen.storyboard in Resources */ = {isa = PBXBuildFile; fileRef = 185649DC1F9DEAB40013FF0D /* LaunchScreen.storyboard */; };
		185649E11F9DEAB40013FF0D /* main.m in Sources */ = {isa = PBXBuildFile; fileRef = 185649E01F9DEAB40013FF0D /* main.m */; };
		185649F31F9DEAF40013FF0D /* LLDPhotoBrowseViewCell.m in Sources */ = {isa = PBXBuildFile; fileRef = 185649EB1F9DEAF40013FF0D /* LLDPhotoBrowseViewCell.m */; };
		185649F41F9DEAF40013FF0D /* LLDPhotoBrowseData.m in Sources */ = {isa = PBXBuildFile; fileRef = 185649ED1F9DEAF40013FF0D /* LLDPhotoBrowseData.m */; };
		185649F51F9DEAF40013FF0D /* TableViewController.m in Sources */ = {isa = PBXBuildFile; fileRef = 185649EF1F9DEAF40013FF0D /* TableViewController.m */; };
		185649F61F9DEAF40013FF0D /* LLDCustomTransitionAnimation.m in Sources */ = {isa = PBXBuildFile; fileRef = 185649F01F9DEAF40013FF0D /* LLDCustomTransitionAnimation.m */; };
		185649F71F9DEAF40013FF0D /* LLDCustomPercentDrivenInteractiveTransition.m in Sources */ = {isa = PBXBuildFile; fileRef = 185649F11F9DEAF40013FF0D /* LLDCustomPercentDrivenInteractiveTransition.m */; };
		185649F81F9DEAF40013FF0D /* LLDPhotoBrowseViewController.m in Sources */ = {isa = PBXBuildFile; fileRef = 185649F21F9DEAF40013FF0D /* LLDPhotoBrowseViewController.m */; };
		18564A011F9DF9710013FF0D /* Main.storyboard in Resources */ = {isa = PBXBuildFile; fileRef = 185649F91F9DEB250013FF0D /* Main.storyboard */; };
		538EF168C6AF24EB28BF85C4 /* Pods_LLDPhoteBrowse.framework in Frameworks */ = {isa = PBXBuildFile; fileRef = 783B7ABF75624F514CA5B13E /* Pods_LLDPhoteBrowse.framework */; };
/* End PBXBuildFile section */

/* Begin PBXFileReference section */
		185649CE1F9DEAB40013FF0D /* LLDPhoteBrowse.app */ = {isa = PBXFileReference; explicitFileType = wrapper.application; includeInIndex = 0; path = LLDPhoteBrowse.app; sourceTree = BUILT_PRODUCTS_DIR; };
		185649D11F9DEAB40013FF0D /* AppDelegate.h */ = {isa = PBXFileReference; lastKnownFileType = sourcecode.c.h; path = AppDelegate.h; sourceTree = "<group>"; };
		185649D21F9DEAB40013FF0D /* AppDelegate.m */ = {isa = PBXFileReference; lastKnownFileType = sourcecode.c.objc; path = AppDelegate.m; sourceTree = "<group>"; };
		185649DA1F9DEAB40013FF0D /* Assets.xcassets */ = {isa = PBXFileReference; lastKnownFileType = folder.assetcatalog; path = Assets.xcassets; sourceTree = "<group>"; };
		185649DD1F9DEAB40013FF0D /* Base */ = {isa = PBXFileReference; lastKnownFileType = file.storyboard; name = Base; path = Base.lproj/LaunchScreen.storyboard; sourceTree = "<group>"; };
		185649DF1F9DEAB40013FF0D /* Info.plist */ = {isa = PBXFileReference; lastKnownFileType = text.plist.xml; path = Info.plist; sourceTree = "<group>"; };
		185649E01F9DEAB40013FF0D /* main.m */ = {isa = PBXFileReference; lastKnownFileType = sourcecode.c.objc; path = main.m; sourceTree = "<group>"; };
		185649E71F9DEAF30013FF0D /* LLDPhotoBrowseViewController.h */ = {isa = PBXFileReference; lastKnownFileType = sourcecode.c.h; path = LLDPhotoBrowseViewController.h; sourceTree = "<group>"; };
		185649E81F9DEAF30013FF0D /* TableViewController.h */ = {isa = PBXFileReference; lastKnownFileType = sourcecode.c.h; path = TableViewController.h; sourceTree = "<group>"; };
		185649E91F9DEAF30013FF0D /* LLDCustomPercentDrivenInteractiveTransition.h */ = {isa = PBXFileReference; lastKnownFileType = sourcecode.c.h; path = LLDCustomPercentDrivenInteractiveTransition.h; sourceTree = "<group>"; };
		185649EA1F9DEAF30013FF0D /* LLDCustomTransitionAnimation.h */ = {isa = PBXFileReference; lastKnownFileType = sourcecode.c.h; path = LLDCustomTransitionAnimation.h; sourceTree = "<group>"; };
		185649EB1F9DEAF40013FF0D /* LLDPhotoBrowseViewCell.m */ = {isa = PBXFileReference; lastKnownFileType = sourcecode.c.objc; path = LLDPhotoBrowseViewCell.m; sourceTree = "<group>"; };
		185649EC1F9DEAF40013FF0D /* LLDPhotoBrowseData.h */ = {isa = PBXFileReference; lastKnownFileType = sourcecode.c.h; path = LLDPhotoBrowseData.h; sourceTree = "<group>"; };
		185649ED1F9DEAF40013FF0D /* LLDPhotoBrowseData.m */ = {isa = PBXFileReference; lastKnownFileType = sourcecode.c.objc; path = LLDPhotoBrowseData.m; sourceTree = "<group>"; };
		185649EE1F9DEAF40013FF0D /* LLDPhotoBrowseViewCell.h */ = {isa = PBXFileReference; lastKnownFileType = sourcecode.c.h; path = LLDPhotoBrowseViewCell.h; sourceTree = "<group>"; };
		185649EF1F9DEAF40013FF0D /* TableViewController.m */ = {isa = PBXFileReference; lastKnownFileType = sourcecode.c.objc; path = TableViewController.m; sourceTree = "<group>"; };
		185649F01F9DEAF40013FF0D /* LLDCustomTransitionAnimation.m */ = {isa = PBXFileReference; lastKnownFileType = sourcecode.c.objc; path = LLDCustomTransitionAnimation.m; sourceTree = "<group>"; };
		185649F11F9DEAF40013FF0D /* LLDCustomPercentDrivenInteractiveTransition.m */ = {isa = PBXFileReference; lastKnownFileType = sourcecode.c.objc; path = LLDCustomPercentDrivenInteractiveTransition.m; sourceTree = "<group>"; };
		185649F21F9DEAF40013FF0D /* LLDPhotoBrowseViewController.m */ = {isa = PBXFileReference; lastKnownFileType = sourcecode.c.objc; path = LLDPhotoBrowseViewController.m; sourceTree = "<group>"; };
		185649F91F9DEB250013FF0D /* Main.storyboard */ = {isa = PBXFileReference; lastKnownFileType = file.storyboard; path = Main.storyboard; sourceTree = "<group>"; };
		185649FD1F9DEFC70013FF0D /* PrefixHeader.pch */ = {isa = PBXFileReference; lastKnownFileType = sourcecode.c.h; path = PrefixHeader.pch; sourceTree = "<group>"; };
		32AE82BF6FC6DE2C33978AB1 /* Pods-LLDPhoteBrowse.debug.xcconfig */ = {isa = PBXFileReference; includeInIndex = 1; lastKnownFileType = text.xcconfig; name = "Pods-LLDPhoteBrowse.debug.xcconfig"; path = "Pods/Target Support Files/Pods-LLDPhoteBrowse/Pods-LLDPhoteBrowse.debug.xcconfig"; sourceTree = "<group>"; };
		783B7ABF75624F514CA5B13E /* Pods_LLDPhoteBrowse.framework */ = {isa = PBXFileReference; explicitFileType = wrapper.framework; includeInIndex = 0; path = Pods_LLDPhoteBrowse.framework; sourceTree = BUILT_PRODUCTS_DIR; };
		84F1893CAD8994E6A0911A95 /* Pods-LLDPhoteBrowse.release.xcconfig */ = {isa = PBXFileReference; includeInIndex = 1; lastKnownFileType = text.xcconfig; name = "Pods-LLDPhoteBrowse.release.xcconfig"; path = "Pods/Target Support Files/Pods-LLDPhoteBrowse/Pods-LLDPhoteBrowse.release.xcconfig"; sourceTree = "<group>"; };
/* End PBXFileReference section */

/* Begin PBXFrameworksBuildPhase section */
		185649CB1F9DEAB40013FF0D /* Frameworks */ = {
			isa = PBXFrameworksBuildPhase;
			buildActionMask = 2147483647;
			files = (
				538EF168C6AF24EB28BF85C4 /* Pods_LLDPhoteBrowse.framework in Frameworks */,
			);
			runOnlyForDeploymentPostprocessing = 0;
		};
/* End PBXFrameworksBuildPhase section */

/* Begin PBXGroup section */
		185649C51F9DEAB40013FF0D = {
			isa = PBXGroup;
			children = (
				185649D01F9DEAB40013FF0D /* LLDPhoteBrowse */,
				185649CF1F9DEAB40013FF0D /* Products */,
				6EB8A4D5A95882E46F3544E8 /* Pods */,
				2D8C4F59E75A71EDE868A5D8 /* Frameworks */,
			);
			sourceTree = "<group>";
		};
		185649CF1F9DEAB40013FF0D /* Products */ = {
			isa = PBXGroup;
			children = (
				185649CE1F9DEAB40013FF0D /* LLDPhoteBrowse.app */,
			);
			name = Products;
			sourceTree = "<group>";
		};
		185649D01F9DEAB40013FF0D /* LLDPhoteBrowse */ = {
			isa = PBXGroup;
			children = (
				185649D11F9DEAB40013FF0D /* AppDelegate.h */,
				185649D21F9DEAB40013FF0D /* AppDelegate.m */,
				185649E91F9DEAF30013FF0D /* LLDCustomPercentDrivenInteractiveTransition.h */,
				185649F11F9DEAF40013FF0D /* LLDCustomPercentDrivenInteractiveTransition.m */,
				185649EA1F9DEAF30013FF0D /* LLDCustomTransitionAnimation.h */,
				185649F01F9DEAF40013FF0D /* LLDCustomTransitionAnimation.m */,
				185649EC1F9DEAF40013FF0D /* LLDPhotoBrowseData.h */,
				185649ED1F9DEAF40013FF0D /* LLDPhotoBrowseData.m */,
				185649EE1F9DEAF40013FF0D /* LLDPhotoBrowseViewCell.h */,
				185649EB1F9DEAF40013FF0D /* LLDPhotoBrowseViewCell.m */,
				185649E71F9DEAF30013FF0D /* LLDPhotoBrowseViewController.h */,
				185649F21F9DEAF40013FF0D /* LLDPhotoBrowseViewController.m */,
				185649E81F9DEAF30013FF0D /* TableViewController.h */,
				185649EF1F9DEAF40013FF0D /* TableViewController.m */,
				185649F91F9DEB250013FF0D /* Main.storyboard */,
				185649DA1F9DEAB40013FF0D /* Assets.xcassets */,
				185649DC1F9DEAB40013FF0D /* LaunchScreen.storyboard */,
				185649DF1F9DEAB40013FF0D /* Info.plist */,
				185649E01F9DEAB40013FF0D /* main.m */,
				185649FD1F9DEFC70013FF0D /* PrefixHeader.pch */,
			);
			path = LLDPhoteBrowse;
			sourceTree = "<group>";
		};
		2D8C4F59E75A71EDE868A5D8 /* Frameworks */ = {
			isa = PBXGroup;
			children = (
				783B7ABF75624F514CA5B13E /* Pods_LLDPhoteBrowse.framework */,
			);
			name = Frameworks;
			sourceTree = "<group>";
		};
		6EB8A4D5A95882E46F3544E8 /* Pods */ = {
			isa = PBXGroup;
			children = (
				32AE82BF6FC6DE2C33978AB1 /* Pods-LLDPhoteBrowse.debug.xcconfig */,
				84F1893CAD8994E6A0911A95 /* Pods-LLDPhoteBrowse.release.xcconfig */,
			);
			name = Pods;
			sourceTree = "<group>";
		};
/* End PBXGroup section */

/* Begin PBXNativeTarget section */
		185649CD1F9DEAB40013FF0D /* LLDPhoteBrowse */ = {
			isa = PBXNativeTarget;
			buildConfigurationList = 185649E41F9DEAB40013FF0D /* Build configuration list for PBXNativeTarget "LLDPhoteBrowse" */;
			buildPhases = (
				D70C2E1917D630CC42003472 /* [CP] Check Pods Manifest.lock */,
				185649CA1F9DEAB40013FF0D /* Sources */,
				185649CB1F9DEAB40013FF0D /* Frameworks */,
				185649CC1F9DEAB40013FF0D /* Resources */,
				D3562431FB529C5D19A07B3A /* [CP] Embed Pods Frameworks */,
				E366B9DEB542C17A943C79F0 /* [CP] Copy Pods Resources */,
			);
			buildRules = (
			);
			dependencies = (
			);
			name = LLDPhoteBrowse;
			productName = LLDPhoteBrowse;
			productReference = 185649CE1F9DEAB40013FF0D /* LLDPhoteBrowse.app */;
			productType = "com.apple.product-type.application";
		};
/* End PBXNativeTarget section */

/* Begin PBXProject section */
		185649C61F9DEAB40013FF0D /* Project object */ = {
			isa = PBXProject;
			attributes = {
				LastUpgradeCheck = 0900;
				ORGANIZATIONNAME = Livestar;
				TargetAttributes = {
					185649CD1F9DEAB40013FF0D = {
						CreatedOnToolsVersion = 9.0;
						ProvisioningStyle = Automatic;
					};
				};
			};
			buildConfigurationList = 185649C91F9DEAB40013FF0D /* Build configuration list for PBXProject "LLDPhoteBrowse" */;
			compatibilityVersion = "Xcode 8.0";
			developmentRegion = en;
			hasScannedForEncodings = 0;
			knownRegions = (
				en,
				Base,
			);
			mainGroup = 185649C51F9DEAB40013FF0D;
			productRefGroup = 185649CF1F9DEAB40013FF0D /* Products */;
			projectDirPath = "";
			projectRoot = "";
			targets = (
				185649CD1F9DEAB40013FF0D /* LLDPhoteBrowse */,
			);
		};
/* End PBXProject section */

/* Begin PBXResourcesBuildPhase section */
		185649CC1F9DEAB40013FF0D /* Resources */ = {
			isa = PBXResourcesBuildPhase;
			buildActionMask = 2147483647;
			files = (
				18564A011F9DF9710013FF0D /* Main.storyboard in Resources */,
				185649DE1F9DEAB40013FF0D /* LaunchScreen.storyboard in Resources */,
				185649DB1F9DEAB40013FF0D /* Assets.xcassets in Resources */,
			);
			runOnlyForDeploymentPostprocessing = 0;
		};
/* End PBXResourcesBuildPhase section */

/* Begin PBXShellScriptBuildPhase section */
		D3562431FB529C5D19A07B3A /* [CP] Embed Pods Frameworks */ = {
			isa = PBXShellScriptBuildPhase;
			buildActionMask = 2147483647;
			files = (
			);
			inputPaths = (
				"${SRCROOT}/Pods/Target Support Files/Pods-LLDPhoteBrowse/Pods-LLDPhoteBrowse-frameworks.sh",
				"${BUILT_PRODUCTS_DIR}/Masonry/Masonry.framework",
				"${BUILT_PRODUCTS_DIR}/SVProgressHUD/SVProgressHUD.framework",
				"${BUILT_PRODUCTS_DIR}/YYCache/YYCache.framework",
				"${BUILT_PRODUCTS_DIR}/YYCategories/YYCategories.framework",
				"${BUILT_PRODUCTS_DIR}/YYImage/YYImage.framework",
				"${BUILT_PRODUCTS_DIR}/YYText/YYText.framework",
				"${BUILT_PRODUCTS_DIR}/YYWebImage/YYWebImage.framework",
			);
			name = "[CP] Embed Pods Frameworks";
			outputPaths = (
				"${TARGET_BUILD_DIR}/${FRAMEWORKS_FOLDER_PATH}/Masonry.framework",
				"${TARGET_BUILD_DIR}/${FRAMEWORKS_FOLDER_PATH}/SVProgressHUD.framework",
				"${TARGET_BUILD_DIR}/${FRAMEWORKS_FOLDER_PATH}/YYCache.framework",
				"${TARGET_BUILD_DIR}/${FRAMEWORKS_FOLDER_PATH}/YYCategories.framework",
				"${TARGET_BUILD_DIR}/${FRAMEWORKS_FOLDER_PATH}/YYImage.framework",
				"${TARGET_BUILD_DIR}/${FRAMEWORKS_FOLDER_PATH}/YYText.framework",
				"${TARGET_BUILD_DIR}/${FRAMEWORKS_FOLDER_PATH}/YYWebImage.framework",
			);
			runOnlyForDeploymentPostprocessing = 0;
			shellPath = /bin/sh;
			shellScript = "\"${SRCROOT}/Pods/Target Support Files/Pods-LLDPhoteBrowse/Pods-LLDPhoteBrowse-frameworks.sh\"\n";
			showEnvVarsInLog = 0;
		};
		D70C2E1917D630CC42003472 /* [CP] Check Pods Manifest.lock */ = {
			isa = PBXShellScriptBuildPhase;
			buildActionMask = 2147483647;
			files = (
			);
			inputPaths = (
				"${PODS_PODFILE_DIR_PATH}/Podfile.lock",
				"${PODS_ROOT}/Manifest.lock",
			);
			name = "[CP] Check Pods Manifest.lock";
			outputPaths = (
				"$(DERIVED_FILE_DIR)/Pods-LLDPhoteBrowse-checkManifestLockResult.txt",
			);
			runOnlyForDeploymentPostprocessing = 0;
			shellPath = /bin/sh;
			shellScript = "diff \"${PODS_PODFILE_DIR_PATH}/Podfile.lock\" \"${PODS_ROOT}/Manifest.lock\" > /dev/null\nif [ $? != 0 ] ; then\n    # print error to STDERR\n    echo \"error: The sandbox is not in sync with the Podfile.lock. Run 'pod install' or update your CocoaPods installation.\" >&2\n    exit 1\nfi\n# This output is used by Xcode 'outputs' to avoid re-running this script phase.\necho \"SUCCESS\" > \"${SCRIPT_OUTPUT_FILE_0}\"\n";
			showEnvVarsInLog = 0;
		};
		E366B9DEB542C17A943C79F0 /* [CP] Copy Pods Resources */ = {
			isa = PBXShellScriptBuildPhase;
			buildActionMask = 2147483647;
			files = (
			);
			inputPaths = (
			);
			name = "[CP] Copy Pods Resources";
			outputPaths = (
			);
			runOnlyForDeploymentPostprocessing = 0;
			shellPath = /bin/sh;
			shellScript = "\"${SRCROOT}/Pods/Target Support Files/Pods-LLDPhoteBrowse/Pods-LLDPhoteBrowse-resources.sh\"\n";
			showEnvVarsInLog = 0;
		};
/* End PBXShellScriptBuildPhase section */

/* Begin PBXSourcesBuildPhase section */
		185649CA1F9DEAB40013FF0D /* Sources */ = {
			isa = PBXSourcesBuildPhase;
			buildActionMask = 2147483647;
			files = (
				185649F81F9DEAF40013FF0D /* LLDPhotoBrowseViewController.m in Sources */,
				185649E11F9DEAB40013FF0D /* main.m in Sources */,
				185649F71F9DEAF40013FF0D /* LLDCustomPercentDrivenInteractiveTransition.m in Sources */,
				185649F41F9DEAF40013FF0D /* LLDPhotoBrowseData.m in Sources */,
				185649F31F9DEAF40013FF0D /* LLDPhotoBrowseViewCell.m in Sources */,
				185649F61F9DEAF40013FF0D /* LLDCustomTransitionAnimation.m in Sources */,
				185649F51F9DEAF40013FF0D /* TableViewController.m in Sources */,
				185649D31F9DEAB40013FF0D /* AppDelegate.m in Sources */,
			);
			runOnlyForDeploymentPostprocessing = 0;
		};
/* End PBXSourcesBuildPhase section */

/* Begin PBXVariantGroup section */
		185649DC1F9DEAB40013FF0D /* LaunchScreen.storyboard */ = {
			isa = PBXVariantGroup;
			children = (
				185649DD1F9DEAB40013FF0D /* Base */,
			);
			name = LaunchScreen.storyboard;
			sourceTree = "<group>";
		};
/* End PBXVariantGroup section */

/* Begin XCBuildConfiguration section */
		185649E21F9DEAB40013FF0D /* Debug */ = {
			isa = XCBuildConfiguration;
			buildSettings = {
				ALWAYS_SEARCH_USER_PATHS = NO;
				CLANG_ANALYZER_NONNULL = YES;
				CLANG_ANALYZER_NUMBER_OBJECT_CONVERSION = YES_AGGRESSIVE;
				CLANG_CXX_LANGUAGE_STANDARD = "gnu++14";
				CLANG_CXX_LIBRARY = "libc++";
				CLANG_ENABLE_MODULES = YES;
				CLANG_ENABLE_OBJC_ARC = YES;
				CLANG_WARN_BLOCK_CAPTURE_AUTORELEASING = YES;
				CLANG_WARN_BOOL_CONVERSION = YES;
				CLANG_WARN_COMMA = YES;
				CLANG_WARN_CONSTANT_CONVERSION = YES;
				CLANG_WARN_DIRECT_OBJC_ISA_USAGE = YES_ERROR;
				CLANG_WARN_DOCUMENTATION_COMMENTS = YES;
				CLANG_WARN_EMPTY_BODY = YES;
				CLANG_WARN_ENUM_CONVERSION = YES;
				CLANG_WARN_INFINITE_RECURSION = YES;
				CLANG_WARN_INT_CONVERSION = YES;
				CLANG_WARN_NON_LITERAL_NULL_CONVERSION = YES;
				CLANG_WARN_OBJC_LITERAL_CONVERSION = YES;
				CLANG_WARN_OBJC_ROOT_CLASS = YES_ERROR;
				CLANG_WARN_RANGE_LOOP_ANALYSIS = YES;
				CLANG_WARN_STRICT_PROTOTYPES = YES;
				CLANG_WARN_SUSPICIOUS_MOVE = YES;
				CLANG_WARN_UNGUARDED_AVAILABILITY = YES_AGGRESSIVE;
				CLANG_WARN_UNREACHABLE_CODE = YES;
				CLANG_WARN__DUPLICATE_METHOD_MATCH = YES;
				CODE_SIGN_IDENTITY = "iPhone Developer";
				COPY_PHASE_STRIP = NO;
				DEBUG_INFORMATION_FORMAT = dwarf;
				ENABLE_STRICT_OBJC_MSGSEND = YES;
				ENABLE_TESTABILITY = YES;
				GCC_C_LANGUAGE_STANDARD = gnu11;
				GCC_DYNAMIC_NO_PIC = NO;
				GCC_NO_COMMON_BLOCKS = YES;
				GCC_OPTIMIZATION_LEVEL = 0;
				GCC_PREFIX_HEADER = "";
				GCC_PREPROCESSOR_DEFINITIONS = (
					"DEBUG=1",
					"$(inherited)",
				);
				GCC_WARN_64_TO_32_BIT_CONVERSION = YES;
				GCC_WARN_ABOUT_RETURN_TYPE = YES_ERROR;
				GCC_WARN_UNDECLARED_SELECTOR = YES;
				GCC_WARN_UNINITIALIZED_AUTOS = YES_AGGRESSIVE;
				GCC_WARN_UNUSED_FUNCTION = YES;
				GCC_WARN_UNUSED_VARIABLE = YES;
				IPHONEOS_DEPLOYMENT_TARGET = 11.0;
				MTL_ENABLE_DEBUG_INFO = YES;
				ONLY_ACTIVE_ARCH = YES;
				SDKROOT = iphoneos;
			};
			name = Debug;
		};
		185649E31F9DEAB40013FF0D /* Release */ = {
			isa = XCBuildConfiguration;
			buildSettings = {
				ALWAYS_SEARCH_USER_PATHS = NO;
				CLANG_ANALYZER_NONNULL = YES;
				CLANG_ANALYZER_NUMBER_OBJECT_CONVERSION = YES_AGGRESSIVE;
				CLANG_CXX_LANGUAGE_STANDARD = "gnu++14";
				CLANG_CXX_LIBRARY = "libc++";
				CLANG_ENABLE_MODULES = YES;
				CLANG_ENABLE_OBJC_ARC = YES;
				CLANG_WARN_BLOCK_CAPTURE_AUTORELEASING = YES;
				CLANG_WARN_BOOL_CONVERSION = YES;
				CLANG_WARN_COMMA = YES;
				CLANG_WARN_CONSTANT_CONVERSION = YES;
				CLANG_WARN_DIRECT_OBJC_ISA_USAGE = YES_ERROR;
				CLANG_WARN_DOCUMENTATION_COMMENTS = YES;
				CLANG_WARN_EMPTY_BODY = YES;
				CLANG_WARN_ENUM_CONVERSION = YES;
				CLANG_WARN_INFINITE_RECURSION = YES;
				CLANG_WARN_INT_CONVERSION = YES;
				CLANG_WARN_NON_LITERAL_NULL_CONVERSION = YES;
				CLANG_WARN_OBJC_LITERAL_CONVERSION = YES;
				CLANG_WARN_OBJC_ROOT_CLASS = YES_ERROR;
				CLANG_WARN_RANGE_LOOP_ANALYSIS = YES;
				CLANG_WARN_STRICT_PROTOTYPES = YES;
				CLANG_WARN_SUSPICIOUS_MOVE = YES;
				CLANG_WARN_UNGUARDED_AVAILABILITY = YES_AGGRESSIVE;
				CLANG_WARN_UNREACHABLE_CODE = YES;
				CLANG_WARN__DUPLICATE_METHOD_MATCH = YES;
				CODE_SIGN_IDENTITY = "iPhone Developer";
				COPY_PHASE_STRIP = NO;
				DEBUG_INFORMATION_FORMAT = "dwarf-with-dsym";
				ENABLE_NS_ASSERTIONS = NO;
				ENABLE_STRICT_OBJC_MSGSEND = YES;
				GCC_C_LANGUAGE_STANDARD = gnu11;
				GCC_NO_COMMON_BLOCKS = YES;
				GCC_PREFIX_HEADER = "";
				GCC_WARN_64_TO_32_BIT_CONVERSION = YES;
				GCC_WARN_ABOUT_RETURN_TYPE = YES_ERROR;
				GCC_WARN_UNDECLARED_SELECTOR = YES;
				GCC_WARN_UNINITIALIZED_AUTOS = YES_AGGRESSIVE;
				GCC_WARN_UNUSED_FUNCTION = YES;
				GCC_WARN_UNUSED_VARIABLE = YES;
				IPHONEOS_DEPLOYMENT_TARGET = 11.0;
				MTL_ENABLE_DEBUG_INFO = NO;
				SDKROOT = iphoneos;
				VALIDATE_PRODUCT = YES;
			};
			name = Release;
		};
		185649E51F9DEAB40013FF0D /* Debug */ = {
			isa = XCBuildConfiguration;
			baseConfigurationReference = 32AE82BF6FC6DE2C33978AB1 /* Pods-LLDPhoteBrowse.debug.xcconfig */;
			buildSettings = {
				ASSETCATALOG_COMPILER_APPICON_NAME = AppIcon;
				CODE_SIGN_STYLE = Automatic;
				DEVELOPMENT_TEAM = 6QV7266CQK;
				GCC_PREFIX_HEADER = LLDPhoteBrowse/PrefixHeader.pch;
				INFOPLIST_FILE = LLDPhoteBrowse/Info.plist;
				LD_RUNPATH_SEARCH_PATHS = "$(inherited) @executable_path/Frameworks";
				PRODUCT_BUNDLE_IDENTIFIER = com.livestar.www.LLDPhoteBrowse;
				PRODUCT_NAME = "$(TARGET_NAME)";
				TARGETED_DEVICE_FAMILY = "1,2";
			};
			name = Debug;
		};
		185649E61F9DEAB40013FF0D /* Release */ = {
			isa = XCBuildConfiguration;
			baseConfigurationReference = 84F1893CAD8994E6A0911A95 /* Pods-LLDPhoteBrowse.release.xcconfig */;
			buildSettings = {
				ASSETCATALOG_COMPILER_APPICON_NAME = AppIcon;
				CODE_SIGN_STYLE = Automatic;
				DEVELOPMENT_TEAM = 6QV7266CQK;
				GCC_PREFIX_HEADER = LLDPhoteBrowse/PrefixHeader.pch;
				INFOPLIST_FILE = LLDPhoteBrowse/Info.plist;
				LD_RUNPATH_SEARCH_PATHS = "$(inherited) @executable_path/Frameworks";
				PRODUCT_BUNDLE_IDENTIFIER = com.livestar.www.LLDPhoteBrowse;
				PRODUCT_NAME = "$(TARGET_NAME)";
				TARGETED_DEVICE_FAMILY = "1,2";
			};
			name = Release;
		};
/* End XCBuildConfiguration section */

/* Begin XCConfigurationList section */
		185649C91F9DEAB40013FF0D /* Build configuration list for PBXProject "LLDPhoteBrowse" */ = {
			isa = XCConfigurationList;
			buildConfigurations = (
				185649E21F9DEAB40013FF0D /* Debug */,
				185649E31F9DEAB40013FF0D /* Release */,
			);
			defaultConfigurationIsVisible = 0;
			defaultConfigurationName = Release;
		};
		185649E41F9DEAB40013FF0D /* Build configuration list for PBXNativeTarget "LLDPhoteBrowse" */ = {
			isa = XCConfigurationList;
			buildConfigurations = (
				185649E51F9DEAB40013FF0D /* Debug */,
				185649E61F9DEAB40013FF0D /* Release */,
			);
			defaultConfigurationIsVisible = 0;
			defaultConfigurationName = Release;
		};
/* End XCConfigurationList section */
	};
	rootObject = 185649C61F9DEAB40013FF0D /* Project object */;
}
